
Microsoft Visual Studio Solution File, Format Version 12.00
# Visual Studio Version 17
VisualStudioVersion = 17.0.31903.59
MinimumVisualStudioVersion = 10.0.40219.1
Project("{2150E333-8FDC-42A3-9474-1A3956D46DE8}") = "RedditBots.Console", "RedditBots.Console", "{6E880279-968F-4A8E-ABCF-82E932224AFA}"
EndProject
Project("{9A19103F-16F7-4668-BE54-9A1E7A4F7556}") = "RedditBots.Console", "src\RedditBots.Console\RedditBots.Console\RedditBots.Console.csproj", "{542F85A2-2E74-46BC-BD87-F8A9E80C21F5}"
EndProject
Project("{2150E333-8FDC-42A3-9474-1A3956D46DE8}") = "Bots", "Bots", "{04D07CC5-C444-4DD1-9B3A-E3F520F264A9}"
EndProject
Project("{9A19103F-16F7-4668-BE54-9A1E7A4F7556}") = "RedditBots.Bots.PeriodicallyBot", "src\RedditBots.Console\Bots\RedditBots.Bots.PeriodicallyBot\RedditBots.Bots.PeriodicallyBot.csproj", "{C203A8BD-BF16-4B69-8295-1DD345F71EE1}"
EndProject
Project("{9A19103F-16F7-4668-BE54-9A1E7A4F7556}") = "RedditBots.Bots.PapiamentoBot", "src\RedditBots.Console\Bots\RedditBots.Bots.PapiamentoBot\RedditBots.Bots.PapiamentoBot.csproj", "{E62A6474-2DB4-4CF3-8955-577AE6D3BC28}"
EndProject
Project("{9A19103F-16F7-4668-BE54-9A1E7A4F7556}") = "RedditBots.Bots.HanzeMemesBot", "src\RedditBots.Console\Bots\RedditBots.Bots.HanzeMemesBot\RedditBots.Bots.HanzeMemesBot.csproj", "{EA9913FB-42DE-494C-AFCA-BEA02FDBC35F}"
EndProject
Project("{9A19103F-16F7-4668-BE54-9A1E7A4F7556}") = "RedditBots.Bots.CheerfulBot", "src\RedditBots.Console\Bots\RedditBots.Bots.CheerfulBot\RedditBots.Bots.CheerfulBot.csproj", "{77053B50-2F8A-4547-8C80-232AB2EA1FE4}"
EndProject
Project("{2150E333-8FDC-42A3-9474-1A3956D46DE8}") = "Libraries", "Libraries", "{26A2D162-B98F-41FC-9319-0B298EC9062D}"
EndProject
Project("{9A19103F-16F7-4668-BE54-9A1E7A4F7556}") = "RedditBots.Libraries.Logging", "src\RedditBots.Console\Libraries\RedditBots.Libraries.Logging\RedditBots.Libraries.Logging.csproj", "{89971713-7D65-4AAD-8270-FD821E8C38DE}"
EndProject
Project("{2150E333-8FDC-42A3-9474-1A3956D46DE8}") = "RedditBots.Web", "RedditBots.Web", "{D9C1140C-2308-4F0A-A67A-1EB3A0851748}"
EndProject
Project("{9A19103F-16F7-4668-BE54-9A1E7A4F7556}") = "RedditBots.Web", "src\RedditBots.Web\RedditBots.Web\RedditBots.Web.csproj", "{59D48BB9-BAA6-4520-BD3F-5DF6602D1E32}"
EndProject
Project("{2150E333-8FDC-42A3-9474-1A3956D46DE8}") = "Libraries", "Libraries", "{78C11A28-1090-4138-8E1F-BBB89058690A}"
EndProject
Project("{9A19103F-16F7-4668-BE54-9A1E7A4F7556}") = "RedditBots.Web.Data", "src\RedditBots.Web\Libraries\RedditBots.Web.Data\RedditBots.Web.Data.csproj", "{1ECB0C48-1DD4-41FD-AC26-52F685FA425F}"
EndProject
Project("{2150E333-8FDC-42A3-9474-1A3956D46DE8}") = "azure-platform", "azure-platform", "{22F62AE1-9111-403D-96D8-ABAFCA2741F3}"
	ProjectSection(SolutionItems) = preProject
		azure-platform\main.bicep = azure-platform\main.bicep
	EndProjectSection
EndProject
Project("{2150E333-8FDC-42A3-9474-1A3956D46DE8}") = "resources", "resources", "{CFFAB969-EB0D-4FB4-903B-76563CEBDF77}"
	ProjectSection(SolutionItems) = preProject
		azure-platform\resources\app-service-plan.bicep = azure-platform\resources\app-service-plan.bicep
		azure-platform\resources\app-service.bicep = azure-platform\resources\app-service.bicep
		azure-platform\resources\cosmos-db.bicep = azure-platform\resources\cosmos-db.bicep
	EndProjectSection
EndProject
Project("{2150E333-8FDC-42A3-9474-1A3956D46DE8}") = "github-actions", "github-actions", "{77324FF8-94C6-41B4-A0B9-6C6D825E1199}"
	ProjectSection(SolutionItems) = preProject
		.github\workflows\angular-client_redditbots.yml = .github\workflows\angular-client_redditbots.yml
	EndProjectSection
EndProject
Project("{2150E333-8FDC-42A3-9474-1A3956D46DE8}") = "Solution Items", "Solution Items", "{3449202C-AAD8-4692-AA3F-D49E50F55120}"
	ProjectSection(SolutionItems) = preProject
		README.md = README.md
	EndProjectSection
EndProject
Project("{9A19103F-16F7-4668-BE54-9A1E7A4F7556}") = "RedditBots.Libraries.BotFramework", "src\RedditBots.Console\Libraries\RedditBots.Libraries.BotFramework\RedditBots.Libraries.BotFramework.csproj", "{47866B2B-C27F-4F68-97E4-55571563AFA4}"
EndProject
Global
	GlobalSection(SolutionConfigurationPlatforms) = preSolution
		Debug|Any CPU = Debug|Any CPU
		Release|Any CPU = Release|Any CPU
	EndGlobalSection
	GlobalSection(ProjectConfigurationPlatforms) = postSolution
		{542F85A2-2E74-46BC-BD87-F8A9E80C21F5}.Debug|Any CPU.ActiveCfg = Debug|Any CPU
		{542F85A2-2E74-46BC-BD87-F8A9E80C21F5}.Debug|Any CPU.Build.0 = Debug|Any CPU
		{542F85A2-2E74-46BC-BD87-F8A9E80C21F5}.Release|Any CPU.ActiveCfg = Release|Any CPU
		{542F85A2-2E74-46BC-BD87-F8A9E80C21F5}.Release|Any CPU.Build.0 = Release|Any CPU
		{C203A8BD-BF16-4B69-8295-1DD345F71EE1}.Debug|Any CPU.ActiveCfg = Debug|Any CPU
		{C203A8BD-BF16-4B69-8295-1DD345F71EE1}.Debug|Any CPU.Build.0 = Debug|Any CPU
		{C203A8BD-BF16-4B69-8295-1DD345F71EE1}.Release|Any CPU.ActiveCfg = Release|Any CPU
		{C203A8BD-BF16-4B69-8295-1DD345F71EE1}.Release|Any CPU.Build.0 = Release|Any CPU
		{E62A6474-2DB4-4CF3-8955-577AE6D3BC28}.Debug|Any CPU.ActiveCfg = Debug|Any CPU
		{E62A6474-2DB4-4CF3-8955-577AE6D3BC28}.Debug|Any CPU.Build.0 = Debug|Any CPU
		{E62A6474-2DB4-4CF3-8955-577AE6D3BC28}.Release|Any CPU.ActiveCfg = Release|Any CPU
		{E62A6474-2DB4-4CF3-8955-577AE6D3BC28}.Release|Any CPU.Build.0 = Release|Any CPU
		{EA9913FB-42DE-494C-AFCA-BEA02FDBC35F}.Debug|Any CPU.ActiveCfg = Debug|Any CPU
		{EA9913FB-42DE-494C-AFCA-BEA02FDBC35F}.Debug|Any CPU.Build.0 = Debug|Any CPU
		{EA9913FB-42DE-494C-AFCA-BEA02FDBC35F}.Release|Any CPU.ActiveCfg = Release|Any CPU
		{EA9913FB-42DE-494C-AFCA-BEA02FDBC35F}.Release|Any CPU.Build.0 = Release|Any CPU
		{77053B50-2F8A-4547-8C80-232AB2EA1FE4}.Debug|Any CPU.ActiveCfg = Debug|Any CPU
		{77053B50-2F8A-4547-8C80-232AB2EA1FE4}.Debug|Any CPU.Build.0 = Debug|Any CPU
		{77053B50-2F8A-4547-8C80-232AB2EA1FE4}.Release|Any CPU.ActiveCfg = Release|Any CPU
		{77053B50-2F8A-4547-8C80-232AB2EA1FE4}.Release|Any CPU.Build.0 = Release|Any CPU
		{89971713-7D65-4AAD-8270-FD821E8C38DE}.Debug|Any CPU.ActiveCfg = Debug|Any CPU
		{89971713-7D65-4AAD-8270-FD821E8C38DE}.Debug|Any CPU.Build.0 = Debug|Any CPU
		{89971713-7D65-4AAD-8270-FD821E8C38DE}.Release|Any CPU.ActiveCfg = Release|Any CPU
		{89971713-7D65-4AAD-8270-FD821E8C38DE}.Release|Any CPU.Build.0 = Release|Any CPU
		{59D48BB9-BAA6-4520-BD3F-5DF6602D1E32}.Debug|Any CPU.ActiveCfg = Debug|Any CPU
		{59D48BB9-BAA6-4520-BD3F-5DF6602D1E32}.Debug|Any CPU.Build.0 = Debug|Any CPU
		{59D48BB9-BAA6-4520-BD3F-5DF6602D1E32}.Release|Any CPU.ActiveCfg = Release|Any CPU
		{59D48BB9-BAA6-4520-BD3F-5DF6602D1E32}.Release|Any CPU.Build.0 = Release|Any CPU
		{1ECB0C48-1DD4-41FD-AC26-52F685FA425F}.Debug|Any CPU.ActiveCfg = Debug|Any CPU
		{1ECB0C48-1DD4-41FD-AC26-52F685FA425F}.Debug|Any CPU.Build.0 = Debug|Any CPU
		{1ECB0C48-1DD4-41FD-AC26-52F685FA425F}.Release|Any CPU.ActiveCfg = Release|Any CPU
		{1ECB0C48-1DD4-41FD-AC26-52F685FA425F}.Release|Any CPU.Build.0 = Release|Any CPU
		{47866B2B-C27F-4F68-97E4-55571563AFA4}.Debug|Any CPU.ActiveCfg = Debug|Any CPU
		{47866B2B-C27F-4F68-97E4-55571563AFA4}.Debug|Any CPU.Build.0 = Debug|Any CPU
		{47866B2B-C27F-4F68-97E4-55571563AFA4}.Release|Any CPU.ActiveCfg = Release|Any CPU
		{47866B2B-C27F-4F68-97E4-55571563AFA4}.Release|Any CPU.Build.0 = Release|Any CPU
	EndGlobalSection
	GlobalSection(SolutionProperties) = preSolution
		HideSolutionNode = FALSE
	EndGlobalSection
	GlobalSection(NestedProjects) = preSolution
		{542F85A2-2E74-46BC-BD87-F8A9E80C21F5} = {6E880279-968F-4A8E-ABCF-82E932224AFA}
		{04D07CC5-C444-4DD1-9B3A-E3F520F264A9} = {6E880279-968F-4A8E-ABCF-82E932224AFA}
		{C203A8BD-BF16-4B69-8295-1DD345F71EE1} = {04D07CC5-C444-4DD1-9B3A-E3F520F264A9}
		{E62A6474-2DB4-4CF3-8955-577AE6D3BC28} = {04D07CC5-C444-4DD1-9B3A-E3F520F264A9}
		{EA9913FB-42DE-494C-AFCA-BEA02FDBC35F} = {04D07CC5-C444-4DD1-9B3A-E3F520F264A9}
		{77053B50-2F8A-4547-8C80-232AB2EA1FE4} = {04D07CC5-C444-4DD1-9B3A-E3F520F264A9}
		{26A2D162-B98F-41FC-9319-0B298EC9062D} = {6E880279-968F-4A8E-ABCF-82E932224AFA}
		{89971713-7D65-4AAD-8270-FD821E8C38DE} = {26A2D162-B98F-41FC-9319-0B298EC9062D}
		{59D48BB9-BAA6-4520-BD3F-5DF6602D1E32} = {D9C1140C-2308-4F0A-A67A-1EB3A0851748}
		{78C11A28-1090-4138-8E1F-BBB89058690A} = {D9C1140C-2308-4F0A-A67A-1EB3A0851748}
		{1ECB0C48-1DD4-41FD-AC26-52F685FA425F} = {78C11A28-1090-4138-8E1F-BBB89058690A}
		{CFFAB969-EB0D-4FB4-903B-76563CEBDF77} = {22F62AE1-9111-403D-96D8-ABAFCA2741F3}
		{47866B2B-C27F-4F68-97E4-55571563AFA4} = {26A2D162-B98F-41FC-9319-0B298EC9062D}
	EndGlobalSection
	GlobalSection(ExtensibilityGlobals) = postSolution
		SolutionGuid = {55DF7FD0-1173-436B-A083-BA4573F2777A}
	EndGlobalSection
EndGlobal
